{
  "originHash" : "3e0a2188e4a4a22e7a3a4f750427faf220e2959600cb1041a4aae03dc477c43c",
  "pins" : [
    {
      "identity" : "coreswift",
      "kind" : "remoteSourceControl",
      "location" : "https://github.com/Mahaboobsab/CoreSwift.git",
      "state" : {
        "branch" : "main",
        "revision" : "9d41f59a2c93f91debd05db3f7a01e0eafecee2b"
      }
    },
    {
      "identity" : "designcolors",
      "kind" : "remoteSourceControl",
      "location" : "https://github.com/Mahaboobsab/DesignColors.git",
      "state" : {
        "branch" : "main",
        "revision" : "bbc540afe1833d0cb40bbdd6eca6122753813e11"
      }
    },
    {
      "identity" : "termsmodule",
      "kind" : "remoteSourceControl",
      "location" : "https://github.com/Mahaboobsab/TermsModule.git",
      "state" : {
        "branch" : "main",
        "revision" : "ba214ac3aa049e4827432bf64922bbe2d4a1e649"
      }
    }
  ],
  "version" : 3
}
