{
  "pins" : [
    {
      "identity" : "coreswift",
      "kind" : "remoteSourceControl",
      "location" : "https://github.com/Mahaboobsab/CoreSwift.git",
      "state" : {
        "branch" : "main",
        "revision" : "6539d040027d7d2965e8563b9035822d81ac934b"
      }
    },
    {
      "identity" : "designcolors",
      "kind" : "remoteSourceControl",
      "location" : "https://github.com/Mahaboobsab/DesignColors.git",
      "state" : {
        "branch" : "main",
        "revision" : "bbc540afe1833d0cb40bbdd6eca6122753813e11"
      }
    },
    {
      "identity" : "termsmodule",
      "kind" : "remoteSourceControl",
      "location" : "https://github.com/Mahaboobsab/TermsModule.git",
      "state" : {
        "branch" : "main",
        "revision" : "ba214ac3aa049e4827432bf64922bbe2d4a1e649"
      }
    }
  ],
  "version" : 2
}
