// !$*UTF8*$!
{
	archiveVersion = 1;
	classes = {
	};
	objectVersion = 56;
	objects = {

/* Begin PBXBuildFile section */
		1E75BE3B2E536BDB008C96CB /* TermsModule in Frameworks */ = {isa = PBXBuildFile; productRef = 1E75BE3A2E536BDB008C96CB /* TermsModule */; };
		1E75BE3E2E536C7D008C96CB /* TermsViewWrapper.swift in Sources */ = {isa = PBXBuildFile; fileRef = 1E75BE3D2E536C7D008C96CB /* TermsViewWrapper.swift */; };
		1E75BE412E536CC3008C96CB /* LoginCoordinator.swift in Sources */ = {isa = PBXBuildFile; fileRef = 1E75BE402E536CC3008C96CB /* LoginCoordinator.swift */; };
		1EF0EB0E2E521B75006A3831 /* eSocietyApp.swift in Sources */ = {isa = PBXBuildFile; fileRef = 1EF0EB0D2E521B75006A3831 /* eSocietyApp.swift */; };
		1EF0EB122E521B7E006A3831 /* Assets.xcassets in Resources */ = {isa = PBXBuildFile; fileRef = 1EF0EB112E521B7E006A3831 /* Assets.xcassets */; };
		1EF0EB152E521B7E006A3831 /* Preview Assets.xcassets in Resources */ = {isa = PBXBuildFile; fileRef = 1EF0EB142E521B7E006A3831 /* Preview Assets.xcassets */; };
		1EF0EB1E2E521D2D006A3831 /* LoginView.swift in Sources */ = {isa = PBXBuildFile; fileRef = 1EF0EB1D2E521D2D006A3831 /* LoginView.swift */; };
		1EF0EB242E523C7F006A3831 /* FontConstants.swift in Sources */ = {isa = PBXBuildFile; fileRef = 1EF0EB232E523C7F006A3831 /* FontConstants.swift */; };
		1EF0EB262E523F66006A3831 /* ValidationConstants.swift in Sources */ = {isa = PBXBuildFile; fileRef = 1EF0EB252E523F66006A3831 /* ValidationConstants.swift */; };
		1EF0EB282E523FD9006A3831 /* LoginViewModel.swift in Sources */ = {isa = PBXBuildFile; fileRef = 1EF0EB272E523FD9006A3831 /* LoginViewModel.swift */; };
		1EF0EB2A2E524136006A3831 /* ViewModifiers.swift in Sources */ = {isa = PBXBuildFile; fileRef = 1EF0EB292E524136006A3831 /* ViewModifiers.swift */; };
		1EF0EB2C2E524177006A3831 /* ButtonStyles.swift in Sources */ = {isa = PBXBuildFile; fileRef = 1EF0EB2B2E524177006A3831 /* ButtonStyles.swift */; };
		1EF0EB312E5243EF006A3831 /* Localizable.strings in Resources */ = {isa = PBXBuildFile; fileRef = 1EF0EB332E5243EF006A3831 /* Localizable.strings */; };
		1EF0EB372E52456F006A3831 /* LocalizedKeys.swift in Sources */ = {isa = PBXBuildFile; fileRef = 1EF0EB362E52456F006A3831 /* LocalizedKeys.swift */; };
		1EF0EB3C2E524D15006A3831 /* DesignColors in Frameworks */ = {isa = PBXBuildFile; productRef = 1EF0EB3B2E524D15006A3831 /* DesignColors */; };
		1EF0EB3F2E524FBB006A3831 /* CoreSwift in Frameworks */ = {isa = PBXBuildFile; productRef = 1EF0EB3E2E524FBB006A3831 /* CoreSwift */; };
		61B40F312E5DF3A50008F978 /* Login.swift in Sources */ = {isa = PBXBuildFile; fileRef = 61B40F302E5DF3A50008F978 /* Login.swift */; };
		61B40F342E5DF6060008F978 /* ActivityIndicatorView in Frameworks */ = {isa = PBXBuildFile; productRef = 61B40F332E5DF6060008F978 /* ActivityIndicatorView */; };
		61B40F362E5DF8D20008F978 /* APIEndpoint.swift in Sources */ = {isa = PBXBuildFile; fileRef = 61B40F352E5DF8C60008F978 /* APIEndpoint.swift */; };
		61B40F732E5E14FC0008F978 /* Roboto_Condensed-SemiBoldItalic.ttf in Resources */ = {isa = PBXBuildFile; fileRef = 61B40F462E5E14FC0008F978 /* Roboto_Condensed-SemiBoldItalic.ttf */; };
		61B40F742E5E14FC0008F978 /* Roboto-VariableFont_wdth,wght.ttf in Resources */ = {isa = PBXBuildFile; fileRef = 61B40F712E5E14FC0008F978 /* Roboto-VariableFont_wdth,wght.ttf */; };
		61B40F752E5E14FC0008F978 /* Roboto_SemiCondensed-ExtraLightItalic.ttf in Resources */ = {isa = PBXBuildFile; fileRef = 61B40F502E5E14FC0008F978 /* Roboto_SemiCondensed-ExtraLightItalic.ttf */; };
		61B40F762E5E14FC0008F978 /* Roboto_Condensed-Italic.ttf in Resources */ = {isa = PBXBuildFile; fileRef = 61B40F3F2E5E14FC0008F978 /* Roboto_Condensed-Italic.ttf */; };
		61B40F772E5E14FC0008F978 /* Roboto_SemiCondensed-Black.ttf in Resources */ = {isa = PBXBuildFile; fileRef = 61B40F492E5E14FC0008F978 /* Roboto_SemiCondensed-Black.ttf */; };
		61B40F782E5E14FC0008F978 /* Roboto_SemiCondensed-Medium.ttf in Resources */ = {isa = PBXBuildFile; fileRef = 61B40F542E5E14FC0008F978 /* Roboto_SemiCondensed-Medium.ttf */; };
		61B40F792E5E14FC0008F978 /* Roboto-ExtraLightItalic.ttf in Resources */ = {isa = PBXBuildFile; fileRef = 61B40F622E5E14FC0008F978 /* Roboto-ExtraLightItalic.ttf */; };
		61B40F7A2E5E14FC0008F978 /* Roboto_Condensed-ExtraBold.ttf in Resources */ = {isa = PBXBuildFile; fileRef = 61B40F3B2E5E14FC0008F978 /* Roboto_Condensed-ExtraBold.ttf */; };
		61B40F7B2E5E14FC0008F978 /* Roboto_Condensed-Light.ttf in Resources */ = {isa = PBXBuildFile; fileRef = 61B40F402E5E14FC0008F978 /* Roboto_Condensed-Light.ttf */; };
		61B40F7C2E5E14FC0008F978 /* Roboto-LightItalic.ttf in Resources */ = {isa = PBXBuildFile; fileRef = 61B40F652E5E14FC0008F978 /* Roboto-LightItalic.ttf */; };
		61B40F7D2E5E14FC0008F978 /* Roboto-SemiBold.ttf in Resources */ = {isa = PBXBuildFile; fileRef = 61B40F692E5E14FC0008F978 /* Roboto-SemiBold.ttf */; };
		61B40F7E2E5E14FC0008F978 /* Roboto_SemiCondensed-SemiBoldItalic.ttf in Resources */ = {isa = PBXBuildFile; fileRef = 61B40F582E5E14FC0008F978 /* Roboto_SemiCondensed-SemiBoldItalic.ttf */; };
		61B40F7F2E5E14FC0008F978 /* Roboto_Condensed-Bold.ttf in Resources */ = {isa = PBXBuildFile; fileRef = 61B40F392E5E14FC0008F978 /* Roboto_Condensed-Bold.ttf */; };
		61B40F802E5E14FC0008F978 /* Roboto_SemiCondensed-ThinItalic.ttf in Resources */ = {isa = PBXBuildFile; fileRef = 61B40F5A2E5E14FC0008F978 /* Roboto_SemiCondensed-ThinItalic.ttf */; };
		61B40F812E5E14FC0008F978 /* Roboto-BoldItalic.ttf in Resources */ = {isa = PBXBuildFile; fileRef = 61B40F5E2E5E14FC0008F978 /* Roboto-BoldItalic.ttf */; };
		61B40F822E5E14FC0008F978 /* Roboto_Condensed-ThinItalic.ttf in Resources */ = {isa = PBXBuildFile; fileRef = 61B40F482E5E14FC0008F978 /* Roboto_Condensed-ThinItalic.ttf */; };
		61B40F832E5E14FC0008F978 /* Roboto_SemiCondensed-SemiBold.ttf in Resources */ = {isa = PBXBuildFile; fileRef = 61B40F572E5E14FC0008F978 /* Roboto_SemiCondensed-SemiBold.ttf */; };
		61B40F842E5E14FC0008F978 /* Roboto_Condensed-ExtraBoldItalic.ttf in Resources */ = {isa = PBXBuildFile; fileRef = 61B40F3C2E5E14FC0008F978 /* Roboto_Condensed-ExtraBoldItalic.ttf */; };
		61B40F852E5E14FC0008F978 /* Roboto_Condensed-BlackItalic.ttf in Resources */ = {isa = PBXBuildFile; fileRef = 61B40F382E5E14FC0008F978 /* Roboto_Condensed-BlackItalic.ttf */; };
		61B40F862E5E14FC0008F978 /* Roboto-Regular.ttf in Resources */ = {isa = PBXBuildFile; fileRef = 61B40F682E5E14FC0008F978 /* Roboto-Regular.ttf */; };
		61B40F872E5E14FC0008F978 /* Roboto-ExtraLight.ttf in Resources */ = {isa = PBXBuildFile; fileRef = 61B40F612E5E14FC0008F978 /* Roboto-ExtraLight.ttf */; };
		61B40F882E5E14FC0008F978 /* Roboto_Condensed-LightItalic.ttf in Resources */ = {isa = PBXBuildFile; fileRef = 61B40F412E5E14FC0008F978 /* Roboto_Condensed-LightItalic.ttf */; };
		61B40F892E5E14FC0008F978 /* Roboto_SemiCondensed-LightItalic.ttf in Resources */ = {isa = PBXBuildFile; fileRef = 61B40F532E5E14FC0008F978 /* Roboto_SemiCondensed-LightItalic.ttf */; };
		61B40F8A2E5E14FC0008F978 /* Roboto_SemiCondensed-MediumItalic.ttf in Resources */ = {isa = PBXBuildFile; fileRef = 61B40F552E5E14FC0008F978 /* Roboto_SemiCondensed-MediumItalic.ttf */; };
		61B40F8B2E5E14FC0008F978 /* Roboto_Condensed-Thin.ttf in Resources */ = {isa = PBXBuildFile; fileRef = 61B40F472E5E14FC0008F978 /* Roboto_Condensed-Thin.ttf */; };
		61B40F8C2E5E14FC0008F978 /* Roboto-ExtraBold.ttf in Resources */ = {isa = PBXBuildFile; fileRef = 61B40F5F2E5E14FC0008F978 /* Roboto-ExtraBold.ttf */; };
		61B40F8D2E5E14FC0008F978 /* Roboto-Thin.ttf in Resources */ = {isa = PBXBuildFile; fileRef = 61B40F6B2E5E14FC0008F978 /* Roboto-Thin.ttf */; };
		61B40F8E2E5E14FC0008F978 /* OFL.txt in Resources */ = {isa = PBXBuildFile; fileRef = 61B40F6E2E5E14FC0008F978 /* OFL.txt */; };
		61B40F8F2E5E14FC0008F978 /* Roboto_Condensed-Black.ttf in Resources */ = {isa = PBXBuildFile; fileRef = 61B40F372E5E14FC0008F978 /* Roboto_Condensed-Black.ttf */; };
		61B40F902E5E14FC0008F978 /* Roboto-ThinItalic.ttf in Resources */ = {isa = PBXBuildFile; fileRef = 61B40F6C2E5E14FC0008F978 /* Roboto-ThinItalic.ttf */; };
		61B40F912E5E14FC0008F978 /* Roboto_SemiCondensed-Thin.ttf in Resources */ = {isa = PBXBuildFile; fileRef = 61B40F592E5E14FC0008F978 /* Roboto_SemiCondensed-Thin.ttf */; };
		61B40F922E5E14FC0008F978 /* Roboto-Light.ttf in Resources */ = {isa = PBXBuildFile; fileRef = 61B40F642E5E14FC0008F978 /* Roboto-Light.ttf */; };
		61B40F932E5E14FC0008F978 /* Roboto_Condensed-SemiBold.ttf in Resources */ = {isa = PBXBuildFile; fileRef = 61B40F452E5E14FC0008F978 /* Roboto_Condensed-SemiBold.ttf */; };
		61B40F942E5E14FC0008F978 /* README.txt in Resources */ = {isa = PBXBuildFile; fileRef = 61B40F6F2E5E14FC0008F978 /* README.txt */; };
		61B40F952E5E14FC0008F978 /* Roboto_SemiCondensed-Regular.ttf in Resources */ = {isa = PBXBuildFile; fileRef = 61B40F562E5E14FC0008F978 /* Roboto_SemiCondensed-Regular.ttf */; };
		61B40F962E5E14FC0008F978 /* Roboto-BlackItalic.ttf in Resources */ = {isa = PBXBuildFile; fileRef = 61B40F5C2E5E14FC0008F978 /* Roboto-BlackItalic.ttf */; };
		61B40F972E5E14FC0008F978 /* Roboto_Condensed-Medium.ttf in Resources */ = {isa = PBXBuildFile; fileRef = 61B40F422E5E14FC0008F978 /* Roboto_Condensed-Medium.ttf */; };
		61B40F982E5E14FC0008F978 /* Roboto-Italic.ttf in Resources */ = {isa = PBXBuildFile; fileRef = 61B40F632E5E14FC0008F978 /* Roboto-Italic.ttf */; };
		61B40F992E5E14FC0008F978 /* Roboto_Condensed-MediumItalic.ttf in Resources */ = {isa = PBXBuildFile; fileRef = 61B40F432E5E14FC0008F978 /* Roboto_Condensed-MediumItalic.ttf */; };
		61B40F9A2E5E14FC0008F978 /* Roboto_SemiCondensed-ExtraBold.ttf in Resources */ = {isa = PBXBuildFile; fileRef = 61B40F4D2E5E14FC0008F978 /* Roboto_SemiCondensed-ExtraBold.ttf */; };
		61B40F9B2E5E14FC0008F978 /* Roboto-SemiBoldItalic.ttf in Resources */ = {isa = PBXBuildFile; fileRef = 61B40F6A2E5E14FC0008F978 /* Roboto-SemiBoldItalic.ttf */; };
		61B40F9C2E5E14FC0008F978 /* Roboto_SemiCondensed-ExtraLight.ttf in Resources */ = {isa = PBXBuildFile; fileRef = 61B40F4F2E5E14FC0008F978 /* Roboto_SemiCondensed-ExtraLight.ttf */; };
		61B40F9D2E5E14FC0008F978 /* Roboto_Condensed-ExtraLightItalic.ttf in Resources */ = {isa = PBXBuildFile; fileRef = 61B40F3E2E5E14FC0008F978 /* Roboto_Condensed-ExtraLightItalic.ttf */; };
		61B40F9E2E5E14FC0008F978 /* Roboto_Condensed-BoldItalic.ttf in Resources */ = {isa = PBXBuildFile; fileRef = 61B40F3A2E5E14FC0008F978 /* Roboto_Condensed-BoldItalic.ttf */; };
		61B40F9F2E5E14FC0008F978 /* Roboto-Medium.ttf in Resources */ = {isa = PBXBuildFile; fileRef = 61B40F662E5E14FC0008F978 /* Roboto-Medium.ttf */; };
		61B40FA02E5E14FC0008F978 /* Roboto_SemiCondensed-Light.ttf in Resources */ = {isa = PBXBuildFile; fileRef = 61B40F522E5E14FC0008F978 /* Roboto_SemiCondensed-Light.ttf */; };
		61B40FA12E5E14FC0008F978 /* Roboto_SemiCondensed-Italic.ttf in Resources */ = {isa = PBXBuildFile; fileRef = 61B40F512E5E14FC0008F978 /* Roboto_SemiCondensed-Italic.ttf */; };
		61B40FA22E5E14FC0008F978 /* Roboto_SemiCondensed-BlackItalic.ttf in Resources */ = {isa = PBXBuildFile; fileRef = 61B40F4A2E5E14FC0008F978 /* Roboto_SemiCondensed-BlackItalic.ttf */; };
		61B40FA32E5E14FC0008F978 /* Roboto-MediumItalic.ttf in Resources */ = {isa = PBXBuildFile; fileRef = 61B40F672E5E14FC0008F978 /* Roboto-MediumItalic.ttf */; };
		61B40FA42E5E14FC0008F978 /* Roboto-Italic-VariableFont_wdth,wght.ttf in Resources */ = {isa = PBXBuildFile; fileRef = 61B40F702E5E14FC0008F978 /* Roboto-Italic-VariableFont_wdth,wght.ttf */; };
		61B40FA52E5E14FC0008F978 /* Roboto_SemiCondensed-BoldItalic.ttf in Resources */ = {isa = PBXBuildFile; fileRef = 61B40F4C2E5E14FC0008F978 /* Roboto_SemiCondensed-BoldItalic.ttf */; };
		61B40FA62E5E14FC0008F978 /* Roboto_Condensed-ExtraLight.ttf in Resources */ = {isa = PBXBuildFile; fileRef = 61B40F3D2E5E14FC0008F978 /* Roboto_Condensed-ExtraLight.ttf */; };
		61B40FA72E5E14FC0008F978 /* Roboto_SemiCondensed-Bold.ttf in Resources */ = {isa = PBXBuildFile; fileRef = 61B40F4B2E5E14FC0008F978 /* Roboto_SemiCondensed-Bold.ttf */; };
		61B40FA82E5E14FC0008F978 /* Roboto_Condensed-Regular.ttf in Resources */ = {isa = PBXBuildFile; fileRef = 61B40F442E5E14FC0008F978 /* Roboto_Condensed-Regular.ttf */; };
		61B40FA92E5E14FC0008F978 /* Roboto_SemiCondensed-ExtraBoldItalic.ttf in Resources */ = {isa = PBXBuildFile; fileRef = 61B40F4E2E5E14FC0008F978 /* Roboto_SemiCondensed-ExtraBoldItalic.ttf */; };
		61B40FAA2E5E14FC0008F978 /* Roboto-ExtraBoldItalic.ttf in Resources */ = {isa = PBXBuildFile; fileRef = 61B40F602E5E14FC0008F978 /* Roboto-ExtraBoldItalic.ttf */; };
		61B40FAB2E5E14FC0008F978 /* Roboto-Black.ttf in Resources */ = {isa = PBXBuildFile; fileRef = 61B40F5B2E5E14FC0008F978 /* Roboto-Black.ttf */; };
		61B40FAC2E5E14FC0008F978 /* Roboto-Bold.ttf in Resources */ = {isa = PBXBuildFile; fileRef = 61B40F5D2E5E14FC0008F978 /* Roboto-Bold.ttf */; };
		61B40FAF2E5E171A0008F978 /* BaseView.swift in Sources */ = {isa = PBXBuildFile; fileRef = 61B40FAE2E5E17190008F978 /* BaseView.swift */; };
		61B40FB22E5E1FE40008F978 /* AddNewFamilyView.swift in Sources */ = {isa = PBXBuildFile; fileRef = 61B40FB12E5E1FE40008F978 /* AddNewFamilyView.swift */; };
		61B6457B2E5EC21500C189B3 /* FamilyListView.swift in Sources */ = {isa = PBXBuildFile; fileRef = 61B6457A2E5EC21500C189B3 /* FamilyListView.swift */; };
		61B6457E2E5ECA6C00C189B3 /* FlatInfo.swift in Sources */ = {isa = PBXBuildFile; fileRef = 61B6457D2E5ECA6A00C189B3 /* FlatInfo.swift */; };
		61B645812E5ECAA500C189B3 /* FlatCellView.swift in Sources */ = {isa = PBXBuildFile; fileRef = 61B645802E5ECAA400C189B3 /* FlatCellView.swift */; };
		61B645AC2E5EF77200C189B3 /* MainView.swift in Sources */ = {isa = PBXBuildFile; fileRef = 61B645AB2E5EF77200C189B3 /* MainView.swift */; };
		61E271B22E5CD59600210628 /* Reachability.swift in Sources */ = {isa = PBXBuildFile; fileRef = 61E271AF2E5CD59600210628 /* Reachability.swift */; };
		61E271B32E5CD59600210628 /* NetworkReachability.swift in Sources */ = {isa = PBXBuildFile; fileRef = 61E271AE2E5CD59600210628 /* NetworkReachability.swift */; };
		61E271B42E5CD59600210628 /* WebServiceManager.swift in Sources */ = {isa = PBXBuildFile; fileRef = 61E271B02E5CD59600210628 /* WebServiceManager.swift */; };
		81EAF8C71C3B024C99CE1232 /* Pods_eSociety.framework in Frameworks */ = {isa = PBXBuildFile; fileRef = E860ACC34824A57CA9DAF3E9 /* Pods_eSociety.framework */; };
/* End PBXBuildFile section */

/* Begin PBXFileReference section */
		1E75BE3D2E536C7D008C96CB /* TermsViewWrapper.swift */ = {isa = PBXFileReference; lastKnownFileType = sourcecode.swift; path = TermsViewWrapper.swift; sourceTree = "<group>"; };
		1E75BE402E536CC3008C96CB /* LoginCoordinator.swift */ = {isa = PBXFileReference; lastKnownFileType = sourcecode.swift; path = LoginCoordinator.swift; sourceTree = "<group>"; };
		1EF0EB0A2E521B75006A3831 /* eSociety.app */ = {isa = PBXFileReference; explicitFileType = wrapper.application; includeInIndex = 0; path = eSociety.app; sourceTree = BUILT_PRODUCTS_DIR; };
		1EF0EB0D2E521B75006A3831 /* eSocietyApp.swift */ = {isa = PBXFileReference; lastKnownFileType = sourcecode.swift; path = eSocietyApp.swift; sourceTree = "<group>"; };
		1EF0EB112E521B7E006A3831 /* Assets.xcassets */ = {isa = PBXFileReference; lastKnownFileType = folder.assetcatalog; path = Assets.xcassets; sourceTree = "<group>"; };
		1EF0EB142E521B7E006A3831 /* Preview Assets.xcassets */ = {isa = PBXFileReference; lastKnownFileType = folder.assetcatalog; path = "Preview Assets.xcassets"; sourceTree = "<group>"; };
		1EF0EB1D2E521D2D006A3831 /* LoginView.swift */ = {isa = PBXFileReference; lastKnownFileType = sourcecode.swift; path = LoginView.swift; sourceTree = "<group>"; };
		1EF0EB222E523A9B006A3831 /* Info.plist */ = {isa = PBXFileReference; lastKnownFileType = text.plist; path = Info.plist; sourceTree = "<group>"; };
		1EF0EB232E523C7F006A3831 /* FontConstants.swift */ = {isa = PBXFileReference; lastKnownFileType = sourcecode.swift; path = FontConstants.swift; sourceTree = "<group>"; };
		1EF0EB252E523F66006A3831 /* ValidationConstants.swift */ = {isa = PBXFileReference; lastKnownFileType = sourcecode.swift; path = ValidationConstants.swift; sourceTree = "<group>"; };
		1EF0EB272E523FD9006A3831 /* LoginViewModel.swift */ = {isa = PBXFileReference; lastKnownFileType = sourcecode.swift; path = LoginViewModel.swift; sourceTree = "<group>"; };
		1EF0EB292E524136006A3831 /* ViewModifiers.swift */ = {isa = PBXFileReference; lastKnownFileType = sourcecode.swift; path = ViewModifiers.swift; sourceTree = "<group>"; };
		1EF0EB2B2E524177006A3831 /* ButtonStyles.swift */ = {isa = PBXFileReference; lastKnownFileType = sourcecode.swift; path = ButtonStyles.swift; sourceTree = "<group>"; };
		1EF0EB322E5243EF006A3831 /* en */ = {isa = PBXFileReference; lastKnownFileType = text.plist.strings; name = en; path = en.lproj/Localizable.strings; sourceTree = "<group>"; };
		1EF0EB342E524401006A3831 /* hi */ = {isa = PBXFileReference; lastKnownFileType = text.plist.strings; name = hi; path = hi.lproj/Localizable.strings; sourceTree = "<group>"; };
		1EF0EB362E52456F006A3831 /* LocalizedKeys.swift */ = {isa = PBXFileReference; lastKnownFileType = sourcecode.swift; path = LocalizedKeys.swift; sourceTree = "<group>"; };
		503B7789FA0CF11D84A8C8CD /* Pods-eSociety.debug.xcconfig */ = {isa = PBXFileReference; includeInIndex = 1; lastKnownFileType = text.xcconfig; name = "Pods-eSociety.debug.xcconfig"; path = "Target Support Files/Pods-eSociety/Pods-eSociety.debug.xcconfig"; sourceTree = "<group>"; };
		61B40F302E5DF3A50008F978 /* Login.swift */ = {isa = PBXFileReference; lastKnownFileType = sourcecode.swift; name = Login.swift; path = eSociety/View/Login/Login.swift; sourceTree = SOURCE_ROOT; };
		61B40F352E5DF8C60008F978 /* APIEndpoint.swift */ = {isa = PBXFileReference; lastKnownFileType = sourcecode.swift; path = APIEndpoint.swift; sourceTree = "<group>"; };
		61B40F372E5E14FC0008F978 /* Roboto_Condensed-Black.ttf */ = {isa = PBXFileReference; lastKnownFileType = file; path = "Roboto_Condensed-Black.ttf"; sourceTree = "<group>"; };
		61B40F382E5E14FC0008F978 /* Roboto_Condensed-BlackItalic.ttf */ = {isa = PBXFileReference; lastKnownFileType = file; path = "Roboto_Condensed-BlackItalic.ttf"; sourceTree = "<group>"; };
		61B40F392E5E14FC0008F978 /* Roboto_Condensed-Bold.ttf */ = {isa = PBXFileReference; lastKnownFileType = file; path = "Roboto_Condensed-Bold.ttf"; sourceTree = "<group>"; };
		61B40F3A2E5E14FC0008F978 /* Roboto_Condensed-BoldItalic.ttf */ = {isa = PBXFileReference; lastKnownFileType = file; path = "Roboto_Condensed-BoldItalic.ttf"; sourceTree = "<group>"; };
		61B40F3B2E5E14FC0008F978 /* Roboto_Condensed-ExtraBold.ttf */ = {isa = PBXFileReference; lastKnownFileType = file; path = "Roboto_Condensed-ExtraBold.ttf"; sourceTree = "<group>"; };
		61B40F3C2E5E14FC0008F978 /* Roboto_Condensed-ExtraBoldItalic.ttf */ = {isa = PBXFileReference; lastKnownFileType = file; path = "Roboto_Condensed-ExtraBoldItalic.ttf"; sourceTree = "<group>"; };
		61B40F3D2E5E14FC0008F978 /* Roboto_Condensed-ExtraLight.ttf */ = {isa = PBXFileReference; lastKnownFileType = file; path = "Roboto_Condensed-ExtraLight.ttf"; sourceTree = "<group>"; };
		61B40F3E2E5E14FC0008F978 /* Roboto_Condensed-ExtraLightItalic.ttf */ = {isa = PBXFileReference; lastKnownFileType = file; path = "Roboto_Condensed-ExtraLightItalic.ttf"; sourceTree = "<group>"; };
		61B40F3F2E5E14FC0008F978 /* Roboto_Condensed-Italic.ttf */ = {isa = PBXFileReference; lastKnownFileType = file; path = "Roboto_Condensed-Italic.ttf"; sourceTree = "<group>"; };
		61B40F402E5E14FC0008F978 /* Roboto_Condensed-Light.ttf */ = {isa = PBXFileReference; lastKnownFileType = file; path = "Roboto_Condensed-Light.ttf"; sourceTree = "<group>"; };
		61B40F412E5E14FC0008F978 /* Roboto_Condensed-LightItalic.ttf */ = {isa = PBXFileReference; lastKnownFileType = file; path = "Roboto_Condensed-LightItalic.ttf"; sourceTree = "<group>"; };
		61B40F422E5E14FC0008F978 /* Roboto_Condensed-Medium.ttf */ = {isa = PBXFileReference; lastKnownFileType = file; path = "Roboto_Condensed-Medium.ttf"; sourceTree = "<group>"; };
		61B40F432E5E14FC0008F978 /* Roboto_Condensed-MediumItalic.ttf */ = {isa = PBXFileReference; lastKnownFileType = file; path = "Roboto_Condensed-MediumItalic.ttf"; sourceTree = "<group>"; };
		61B40F442E5E14FC0008F978 /* Roboto_Condensed-Regular.ttf */ = {isa = PBXFileReference; lastKnownFileType = file; path = "Roboto_Condensed-Regular.ttf"; sourceTree = "<group>"; };
		61B40F452E5E14FC0008F978 /* Roboto_Condensed-SemiBold.ttf */ = {isa = PBXFileReference; lastKnownFileType = file; path = "Roboto_Condensed-SemiBold.ttf"; sourceTree = "<group>"; };
		61B40F462E5E14FC0008F978 /* Roboto_Condensed-SemiBoldItalic.ttf */ = {isa = PBXFileReference; lastKnownFileType = file; path = "Roboto_Condensed-SemiBoldItalic.ttf"; sourceTree = "<group>"; };
		61B40F472E5E14FC0008F978 /* Roboto_Condensed-Thin.ttf */ = {isa = PBXFileReference; lastKnownFileType = file; path = "Roboto_Condensed-Thin.ttf"; sourceTree = "<group>"; };
		61B40F482E5E14FC0008F978 /* Roboto_Condensed-ThinItalic.ttf */ = {isa = PBXFileReference; lastKnownFileType = file; path = "Roboto_Condensed-ThinItalic.ttf"; sourceTree = "<group>"; };
		61B40F492E5E14FC0008F978 /* Roboto_SemiCondensed-Black.ttf */ = {isa = PBXFileReference; lastKnownFileType = file; path = "Roboto_SemiCondensed-Black.ttf"; sourceTree = "<group>"; };
		61B40F4A2E5E14FC0008F978 /* Roboto_SemiCondensed-BlackItalic.ttf */ = {isa = PBXFileReference; lastKnownFileType = file; path = "Roboto_SemiCondensed-BlackItalic.ttf"; sourceTree = "<group>"; };
		61B40F4B2E5E14FC0008F978 /* Roboto_SemiCondensed-Bold.ttf */ = {isa = PBXFileReference; lastKnownFileType = file; path = "Roboto_SemiCondensed-Bold.ttf"; sourceTree = "<group>"; };
		61B40F4C2E5E14FC0008F978 /* Roboto_SemiCondensed-BoldItalic.ttf */ = {isa = PBXFileReference; lastKnownFileType = file; path = "Roboto_SemiCondensed-BoldItalic.ttf"; sourceTree = "<group>"; };
		61B40F4D2E5E14FC0008F978 /* Roboto_SemiCondensed-ExtraBold.ttf */ = {isa = PBXFileReference; lastKnownFileType = file; path = "Roboto_SemiCondensed-ExtraBold.ttf"; sourceTree = "<group>"; };
		61B40F4E2E5E14FC0008F978 /* Roboto_SemiCondensed-ExtraBoldItalic.ttf */ = {isa = PBXFileReference; lastKnownFileType = file; path = "Roboto_SemiCondensed-ExtraBoldItalic.ttf"; sourceTree = "<group>"; };
		61B40F4F2E5E14FC0008F978 /* Roboto_SemiCondensed-ExtraLight.ttf */ = {isa = PBXFileReference; lastKnownFileType = file; path = "Roboto_SemiCondensed-ExtraLight.ttf"; sourceTree = "<group>"; };
		61B40F502E5E14FC0008F978 /* Roboto_SemiCondensed-ExtraLightItalic.ttf */ = {isa = PBXFileReference; lastKnownFileType = file; path = "Roboto_SemiCondensed-ExtraLightItalic.ttf"; sourceTree = "<group>"; };
		61B40F512E5E14FC0008F978 /* Roboto_SemiCondensed-Italic.ttf */ = {isa = PBXFileReference; lastKnownFileType = file; path = "Roboto_SemiCondensed-Italic.ttf"; sourceTree = "<group>"; };
		61B40F522E5E14FC0008F978 /* Roboto_SemiCondensed-Light.ttf */ = {isa = PBXFileReference; lastKnownFileType = file; path = "Roboto_SemiCondensed-Light.ttf"; sourceTree = "<group>"; };
		61B40F532E5E14FC0008F978 /* Roboto_SemiCondensed-LightItalic.ttf */ = {isa = PBXFileReference; lastKnownFileType = file; path = "Roboto_SemiCondensed-LightItalic.ttf"; sourceTree = "<group>"; };
		61B40F542E5E14FC0008F978 /* Roboto_SemiCondensed-Medium.ttf */ = {isa = PBXFileReference; lastKnownFileType = file; path = "Roboto_SemiCondensed-Medium.ttf"; sourceTree = "<group>"; };
		61B40F552E5E14FC0008F978 /* Roboto_SemiCondensed-MediumItalic.ttf */ = {isa = PBXFileReference; lastKnownFileType = file; path = "Roboto_SemiCondensed-MediumItalic.ttf"; sourceTree = "<group>"; };
		61B40F562E5E14FC0008F978 /* Roboto_SemiCondensed-Regular.ttf */ = {isa = PBXFileReference; lastKnownFileType = file; path = "Roboto_SemiCondensed-Regular.ttf"; sourceTree = "<group>"; };
		61B40F572E5E14FC0008F978 /* Roboto_SemiCondensed-SemiBold.ttf */ = {isa = PBXFileReference; lastKnownFileType = file; path = "Roboto_SemiCondensed-SemiBold.ttf"; sourceTree = "<group>"; };
		61B40F582E5E14FC0008F978 /* Roboto_SemiCondensed-SemiBoldItalic.ttf */ = {isa = PBXFileReference; lastKnownFileType = file; path = "Roboto_SemiCondensed-SemiBoldItalic.ttf"; sourceTree = "<group>"; };
		61B40F592E5E14FC0008F978 /* Roboto_SemiCondensed-Thin.ttf */ = {isa = PBXFileReference; lastKnownFileType = file; path = "Roboto_SemiCondensed-Thin.ttf"; sourceTree = "<group>"; };
		61B40F5A2E5E14FC0008F978 /* Roboto_SemiCondensed-ThinItalic.ttf */ = {isa = PBXFileReference; lastKnownFileType = file; path = "Roboto_SemiCondensed-ThinItalic.ttf"; sourceTree = "<group>"; };
		61B40F5B2E5E14FC0008F978 /* Roboto-Black.ttf */ = {isa = PBXFileReference; lastKnownFileType = file; path = "Roboto-Black.ttf"; sourceTree = "<group>"; };
		61B40F5C2E5E14FC0008F978 /* Roboto-BlackItalic.ttf */ = {isa = PBXFileReference; lastKnownFileType = file; path = "Roboto-BlackItalic.ttf"; sourceTree = "<group>"; };
		61B40F5D2E5E14FC0008F978 /* Roboto-Bold.ttf */ = {isa = PBXFileReference; lastKnownFileType = file; path = "Roboto-Bold.ttf"; sourceTree = "<group>"; };
		61B40F5E2E5E14FC0008F978 /* Roboto-BoldItalic.ttf */ = {isa = PBXFileReference; lastKnownFileType = file; path = "Roboto-BoldItalic.ttf"; sourceTree = "<group>"; };
		61B40F5F2E5E14FC0008F978 /* Roboto-ExtraBold.ttf */ = {isa = PBXFileReference; lastKnownFileType = file; path = "Roboto-ExtraBold.ttf"; sourceTree = "<group>"; };
		61B40F602E5E14FC0008F978 /* Roboto-ExtraBoldItalic.ttf */ = {isa = PBXFileReference; lastKnownFileType = file; path = "Roboto-ExtraBoldItalic.ttf"; sourceTree = "<group>"; };
		61B40F612E5E14FC0008F978 /* Roboto-ExtraLight.ttf */ = {isa = PBXFileReference; lastKnownFileType = file; path = "Roboto-ExtraLight.ttf"; sourceTree = "<group>"; };
		61B40F622E5E14FC0008F978 /* Roboto-ExtraLightItalic.ttf */ = {isa = PBXFileReference; lastKnownFileType = file; path = "Roboto-ExtraLightItalic.ttf"; sourceTree = "<group>"; };
		61B40F632E5E14FC0008F978 /* Roboto-Italic.ttf */ = {isa = PBXFileReference; lastKnownFileType = file; path = "Roboto-Italic.ttf"; sourceTree = "<group>"; };
		61B40F642E5E14FC0008F978 /* Roboto-Light.ttf */ = {isa = PBXFileReference; lastKnownFileType = file; path = "Roboto-Light.ttf"; sourceTree = "<group>"; };
		61B40F652E5E14FC0008F978 /* Roboto-LightItalic.ttf */ = {isa = PBXFileReference; lastKnownFileType = file; path = "Roboto-LightItalic.ttf"; sourceTree = "<group>"; };
		61B40F662E5E14FC0008F978 /* Roboto-Medium.ttf */ = {isa = PBXFileReference; lastKnownFileType = file; path = "Roboto-Medium.ttf"; sourceTree = "<group>"; };
		61B40F672E5E14FC0008F978 /* Roboto-MediumItalic.ttf */ = {isa = PBXFileReference; lastKnownFileType = file; path = "Roboto-MediumItalic.ttf"; sourceTree = "<group>"; };
		61B40F682E5E14FC0008F978 /* Roboto-Regular.ttf */ = {isa = PBXFileReference; lastKnownFileType = file; path = "Roboto-Regular.ttf"; sourceTree = "<group>"; };
		61B40F692E5E14FC0008F978 /* Roboto-SemiBold.ttf */ = {isa = PBXFileReference; lastKnownFileType = file; path = "Roboto-SemiBold.ttf"; sourceTree = "<group>"; };
		61B40F6A2E5E14FC0008F978 /* Roboto-SemiBoldItalic.ttf */ = {isa = PBXFileReference; lastKnownFileType = file; path = "Roboto-SemiBoldItalic.ttf"; sourceTree = "<group>"; };
		61B40F6B2E5E14FC0008F978 /* Roboto-Thin.ttf */ = {isa = PBXFileReference; lastKnownFileType = file; path = "Roboto-Thin.ttf"; sourceTree = "<group>"; };
		61B40F6C2E5E14FC0008F978 /* Roboto-ThinItalic.ttf */ = {isa = PBXFileReference; lastKnownFileType = file; path = "Roboto-ThinItalic.ttf"; sourceTree = "<group>"; };
		61B40F6E2E5E14FC0008F978 /* OFL.txt */ = {isa = PBXFileReference; lastKnownFileType = text; path = OFL.txt; sourceTree = "<group>"; };
		61B40F6F2E5E14FC0008F978 /* README.txt */ = {isa = PBXFileReference; lastKnownFileType = text; path = README.txt; sourceTree = "<group>"; };
		61B40F702E5E14FC0008F978 /* Roboto-Italic-VariableFont_wdth,wght.ttf */ = {isa = PBXFileReference; lastKnownFileType = file; path = "Roboto-Italic-VariableFont_wdth,wght.ttf"; sourceTree = "<group>"; };
		61B40F712E5E14FC0008F978 /* Roboto-VariableFont_wdth,wght.ttf */ = {isa = PBXFileReference; lastKnownFileType = file; path = "Roboto-VariableFont_wdth,wght.ttf"; sourceTree = "<group>"; };
		61B40FAE2E5E17190008F978 /* BaseView.swift */ = {isa = PBXFileReference; lastKnownFileType = sourcecode.swift; path = BaseView.swift; sourceTree = "<group>"; };
		61B40FB12E5E1FE40008F978 /* AddNewFamilyView.swift */ = {isa = PBXFileReference; lastKnownFileType = sourcecode.swift; path = AddNewFamilyView.swift; sourceTree = "<group>"; };
		61B6457A2E5EC21500C189B3 /* FamilyListView.swift */ = {isa = PBXFileReference; lastKnownFileType = sourcecode.swift; path = FamilyListView.swift; sourceTree = "<group>"; };
		61B6457D2E5ECA6A00C189B3 /* FlatInfo.swift */ = {isa = PBXFileReference; lastKnownFileType = sourcecode.swift; path = FlatInfo.swift; sourceTree = "<group>"; };
		61B645802E5ECAA400C189B3 /* FlatCellView.swift */ = {isa = PBXFileReference; lastKnownFileType = sourcecode.swift; path = FlatCellView.swift; sourceTree = "<group>"; };
		61B645AB2E5EF77200C189B3 /* MainView.swift */ = {isa = PBXFileReference; lastKnownFileType = sourcecode.swift; path = MainView.swift; sourceTree = "<group>"; };
		61E271AE2E5CD59600210628 /* NetworkReachability.swift */ = {isa = PBXFileReference; lastKnownFileType = sourcecode.swift; path = NetworkReachability.swift; sourceTree = "<group>"; };
		61E271AF2E5CD59600210628 /* Reachability.swift */ = {isa = PBXFileReference; lastKnownFileType = sourcecode.swift; path = Reachability.swift; sourceTree = "<group>"; };
		61E271B02E5CD59600210628 /* WebServiceManager.swift */ = {isa = PBXFileReference; lastKnownFileType = sourcecode.swift; path = WebServiceManager.swift; sourceTree = "<group>"; };
		DEA2BDF3D3B8EDFDC4BB6988 /* Pods-eSociety.release.xcconfig */ = {isa = PBXFileReference; includeInIndex = 1; lastKnownFileType = text.xcconfig; name = "Pods-eSociety.release.xcconfig"; path = "Target Support Files/Pods-eSociety/Pods-eSociety.release.xcconfig"; sourceTree = "<group>"; };
		E860ACC34824A57CA9DAF3E9 /* Pods_eSociety.framework */ = {isa = PBXFileReference; explicitFileType = wrapper.framework; includeInIndex = 0; path = Pods_eSociety.framework; sourceTree = BUILT_PRODUCTS_DIR; };
/* End PBXFileReference section */

/* Begin PBXFrameworksBuildPhase section */
		1EF0EB072E521B75006A3831 /* Frameworks */ = {
			isa = PBXFrameworksBuildPhase;
			buildActionMask = 2147483647;
			files = (
				61B40F342E5DF6060008F978 /* ActivityIndicatorView in Frameworks */,
				1EF0EB3C2E524D15006A3831 /* DesignColors in Frameworks */,
				1EF0EB3F2E524FBB006A3831 /* CoreSwift in Frameworks */,
				1E75BE3B2E536BDB008C96CB /* TermsModule in Frameworks */,
				81EAF8C71C3B024C99CE1232 /* Pods_eSociety.framework in Frameworks */,
			);
			runOnlyForDeploymentPostprocessing = 0;
		};
/* End PBXFrameworksBuildPhase section */

/* Begin PBXGroup section */
		08ACBEB85AADFA1548EDABD4 /* Pods */ = {
			isa = PBXGroup;
			children = (
				503B7789FA0CF11D84A8C8CD /* Pods-eSociety.debug.xcconfig */,
				DEA2BDF3D3B8EDFDC4BB6988 /* Pods-eSociety.release.xcconfig */,
			);
			path = Pods;
			sourceTree = "<group>";
		};
		1E75BE3C2E536C6A008C96CB /* TCView */ = {
			isa = PBXGroup;
			children = (
				1E75BE3D2E536C7D008C96CB /* TermsViewWrapper.swift */,
			);
			path = TCView;
			sourceTree = "<group>";
		};
		1E75BE3F2E536CB4008C96CB /* Coordinator */ = {
			isa = PBXGroup;
			children = (
				1E75BE402E536CC3008C96CB /* LoginCoordinator.swift */,
			);
			path = Coordinator;
			sourceTree = "<group>";
		};
		1EF0EB012E521B74006A3831 = {
			isa = PBXGroup;
			children = (
				1EF0EB332E5243EF006A3831 /* Localizable.strings */,
				1EF0EB0C2E521B75006A3831 /* eSociety */,
				1EF0EB0B2E521B75006A3831 /* Products */,
				08ACBEB85AADFA1548EDABD4 /* Pods */,
				9C9B6CE7C3B18249CEC28DBE /* Frameworks */,
			);
			sourceTree = "<group>";
		};
		1EF0EB0B2E521B75006A3831 /* Products */ = {
			isa = PBXGroup;
			children = (
				1EF0EB0A2E521B75006A3831 /* eSociety.app */,
			);
			name = Products;
			sourceTree = "<group>";
		};
		1EF0EB0C2E521B75006A3831 /* eSociety */ = {
			isa = PBXGroup;
			children = (
				1EF0EB452E525186006A3831 /* Utility */,
				1EF0EB352E524561006A3831 /* Localization */,
				1EF0EB222E523A9B006A3831 /* Info.plist */,
				1EF0EB1F2E523968006A3831 /* Fonts */,
				1EF0EB1B2E521D0B006A3831 /* View */,
				1EF0EB0D2E521B75006A3831 /* eSocietyApp.swift */,
				1EF0EB112E521B7E006A3831 /* Assets.xcassets */,
				1EF0EB132E521B7E006A3831 /* Preview Content */,
				61E271B12E5CD59600210628 /* WebServiceManager */,
			);
			path = eSociety;
			sourceTree = "<group>";
		};
		1EF0EB132E521B7E006A3831 /* Preview Content */ = {
			isa = PBXGroup;
			children = (
				1EF0EB142E521B7E006A3831 /* Preview Assets.xcassets */,
			);
			path = "Preview Content";
			sourceTree = "<group>";
		};
		1EF0EB1B2E521D0B006A3831 /* View */ = {
			isa = PBXGroup;
			children = (
				61B645822E5EE81000C189B3 /* MainView */,
				61B40FB02E5E1FA60008F978 /* AddNewFamilyView */,
				61B40FAD2E5E170F0008F978 /* BaseView */,
				1E75BE3C2E536C6A008C96CB /* TCView */,
				1EF0EB1C2E521D15006A3831 /* Login */,
			);
			path = View;
			sourceTree = "<group>";
		};
		1EF0EB1C2E521D15006A3831 /* Login */ = {
			isa = PBXGroup;
			children = (
				1E75BE3F2E536CB4008C96CB /* Coordinator */,
				1EF0EB432E525157006A3831 /* ViewModel */,
				1EF0EB422E525151006A3831 /* Model */,
				1EF0EB402E52513E006A3831 /* View */,
				1EF0EB292E524136006A3831 /* ViewModifiers.swift */,
			);
			path = Login;
			sourceTree = "<group>";
		};
		1EF0EB1F2E523968006A3831 /* Fonts */ = {
			isa = PBXGroup;
			children = (
				1EF0EB232E523C7F006A3831 /* FontConstants.swift */,
				61B40F722E5E14FC0008F978 /* Roboto */,
			);
			path = Fonts;
			sourceTree = "<group>";
		};
		1EF0EB352E524561006A3831 /* Localization */ = {
			isa = PBXGroup;
			children = (
				1EF0EB362E52456F006A3831 /* LocalizedKeys.swift */,
			);
			path = Localization;
			sourceTree = "<group>";
		};
		1EF0EB402E52513E006A3831 /* View */ = {
			isa = PBXGroup;
			children = (
				1EF0EB1D2E521D2D006A3831 /* LoginView.swift */,
				1EF0EB442E525166006A3831 /* Styles */,
			);
			path = View;
			sourceTree = "<group>";
		};
		1EF0EB422E525151006A3831 /* Model */ = {
			isa = PBXGroup;
			children = (
				61B40F302E5DF3A50008F978 /* Login.swift */,
			);
			path = Model;
			sourceTree = "<group>";
		};
		1EF0EB432E525157006A3831 /* ViewModel */ = {
			isa = PBXGroup;
			children = (
				1EF0EB272E523FD9006A3831 /* LoginViewModel.swift */,
			);
			path = ViewModel;
			sourceTree = "<group>";
		};
		1EF0EB442E525166006A3831 /* Styles */ = {
			isa = PBXGroup;
			children = (
				1EF0EB2B2E524177006A3831 /* ButtonStyles.swift */,
			);
			path = Styles;
			sourceTree = "<group>";
		};
		1EF0EB452E525186006A3831 /* Utility */ = {
			isa = PBXGroup;
			children = (
				61B40F352E5DF8C60008F978 /* APIEndpoint.swift */,
				1EF0EB252E523F66006A3831 /* ValidationConstants.swift */,
			);
			path = Utility;
			sourceTree = "<group>";
		};
		61B40F6D2E5E14FC0008F978 /* static */ = {
			isa = PBXGroup;
			children = (
				61B40F372E5E14FC0008F978 /* Roboto_Condensed-Black.ttf */,
				61B40F382E5E14FC0008F978 /* Roboto_Condensed-BlackItalic.ttf */,
				61B40F392E5E14FC0008F978 /* Roboto_Condensed-Bold.ttf */,
				61B40F3A2E5E14FC0008F978 /* Roboto_Condensed-BoldItalic.ttf */,
				61B40F3B2E5E14FC0008F978 /* Roboto_Condensed-ExtraBold.ttf */,
				61B40F3C2E5E14FC0008F978 /* Roboto_Condensed-ExtraBoldItalic.ttf */,
				61B40F3D2E5E14FC0008F978 /* Roboto_Condensed-ExtraLight.ttf */,
				61B40F3E2E5E14FC0008F978 /* Roboto_Condensed-ExtraLightItalic.ttf */,
				61B40F3F2E5E14FC0008F978 /* Roboto_Condensed-Italic.ttf */,
				61B40F402E5E14FC0008F978 /* Roboto_Condensed-Light.ttf */,
				61B40F412E5E14FC0008F978 /* Roboto_Condensed-LightItalic.ttf */,
				61B40F422E5E14FC0008F978 /* Roboto_Condensed-Medium.ttf */,
				61B40F432E5E14FC0008F978 /* Roboto_Condensed-MediumItalic.ttf */,
				61B40F442E5E14FC0008F978 /* Roboto_Condensed-Regular.ttf */,
				61B40F452E5E14FC0008F978 /* Roboto_Condensed-SemiBold.ttf */,
				61B40F462E5E14FC0008F978 /* Roboto_Condensed-SemiBoldItalic.ttf */,
				61B40F472E5E14FC0008F978 /* Roboto_Condensed-Thin.ttf */,
				61B40F482E5E14FC0008F978 /* Roboto_Condensed-ThinItalic.ttf */,
				61B40F492E5E14FC0008F978 /* Roboto_SemiCondensed-Black.ttf */,
				61B40F4A2E5E14FC0008F978 /* Roboto_SemiCondensed-BlackItalic.ttf */,
				61B40F4B2E5E14FC0008F978 /* Roboto_SemiCondensed-Bold.ttf */,
				61B40F4C2E5E14FC0008F978 /* Roboto_SemiCondensed-BoldItalic.ttf */,
				61B40F4D2E5E14FC0008F978 /* Roboto_SemiCondensed-ExtraBold.ttf */,
				61B40F4E2E5E14FC0008F978 /* Roboto_SemiCondensed-ExtraBoldItalic.ttf */,
				61B40F4F2E5E14FC0008F978 /* Roboto_SemiCondensed-ExtraLight.ttf */,
				61B40F502E5E14FC0008F978 /* Roboto_SemiCondensed-ExtraLightItalic.ttf */,
				61B40F512E5E14FC0008F978 /* Roboto_SemiCondensed-Italic.ttf */,
				61B40F522E5E14FC0008F978 /* Roboto_SemiCondensed-Light.ttf */,
				61B40F532E5E14FC0008F978 /* Roboto_SemiCondensed-LightItalic.ttf */,
				61B40F542E5E14FC0008F978 /* Roboto_SemiCondensed-Medium.ttf */,
				61B40F552E5E14FC0008F978 /* Roboto_SemiCondensed-MediumItalic.ttf */,
				61B40F562E5E14FC0008F978 /* Roboto_SemiCondensed-Regular.ttf */,
				61B40F572E5E14FC0008F978 /* Roboto_SemiCondensed-SemiBold.ttf */,
				61B40F582E5E14FC0008F978 /* Roboto_SemiCondensed-SemiBoldItalic.ttf */,
				61B40F592E5E14FC0008F978 /* Roboto_SemiCondensed-Thin.ttf */,
				61B40F5A2E5E14FC0008F978 /* Roboto_SemiCondensed-ThinItalic.ttf */,
				61B40F5B2E5E14FC0008F978 /* Roboto-Black.ttf */,
				61B40F5C2E5E14FC0008F978 /* Roboto-BlackItalic.ttf */,
				61B40F5D2E5E14FC0008F978 /* Roboto-Bold.ttf */,
				61B40F5E2E5E14FC0008F978 /* Roboto-BoldItalic.ttf */,
				61B40F5F2E5E14FC0008F978 /* Roboto-ExtraBold.ttf */,
				61B40F602E5E14FC0008F978 /* Roboto-ExtraBoldItalic.ttf */,
				61B40F612E5E14FC0008F978 /* Roboto-ExtraLight.ttf */,
				61B40F622E5E14FC0008F978 /* Roboto-ExtraLightItalic.ttf */,
				61B40F632E5E14FC0008F978 /* Roboto-Italic.ttf */,
				61B40F642E5E14FC0008F978 /* Roboto-Light.ttf */,
				61B40F652E5E14FC0008F978 /* Roboto-LightItalic.ttf */,
				61B40F662E5E14FC0008F978 /* Roboto-Medium.ttf */,
				61B40F672E5E14FC0008F978 /* Roboto-MediumItalic.ttf */,
				61B40F682E5E14FC0008F978 /* Roboto-Regular.ttf */,
				61B40F692E5E14FC0008F978 /* Roboto-SemiBold.ttf */,
				61B40F6A2E5E14FC0008F978 /* Roboto-SemiBoldItalic.ttf */,
				61B40F6B2E5E14FC0008F978 /* Roboto-Thin.ttf */,
				61B40F6C2E5E14FC0008F978 /* Roboto-ThinItalic.ttf */,
			);
			path = static;
			sourceTree = "<group>";
		};
		61B40F722E5E14FC0008F978 /* Roboto */ = {
			isa = PBXGroup;
			children = (
				61B40F6D2E5E14FC0008F978 /* static */,
				61B40F6E2E5E14FC0008F978 /* OFL.txt */,
				61B40F6F2E5E14FC0008F978 /* README.txt */,
				61B40F702E5E14FC0008F978 /* Roboto-Italic-VariableFont_wdth,wght.ttf */,
				61B40F712E5E14FC0008F978 /* Roboto-VariableFont_wdth,wght.ttf */,
			);
			path = Roboto;
			sourceTree = "<group>";
		};
		61B40FAD2E5E170F0008F978 /* BaseView */ = {
			isa = PBXGroup;
			children = (
				61B40FAE2E5E17190008F978 /* BaseView.swift */,
			);
			path = BaseView;
			sourceTree = "<group>";
		};
		61B40FB02E5E1FA60008F978 /* AddNewFamilyView */ = {
			isa = PBXGroup;
			children = (
				61B645792E5EC1E000C189B3 /* FamilyListView */,
				61B40FB12E5E1FE40008F978 /* AddNewFamilyView.swift */,
			);
			path = AddNewFamilyView;
			sourceTree = "<group>";
		};
		61B645792E5EC1E000C189B3 /* FamilyListView */ = {
			isa = PBXGroup;
			children = (
				61B6457F2E5ECA9D00C189B3 /* FlatCellView */,
				61B6457C2E5ECA6400C189B3 /* Model */,
				61B6457A2E5EC21500C189B3 /* FamilyListView.swift */,
			);
			path = FamilyListView;
			sourceTree = "<group>";
		};
		61B6457C2E5ECA6400C189B3 /* Model */ = {
			isa = PBXGroup;
			children = (
				61B6457D2E5ECA6A00C189B3 /* FlatInfo.swift */,
			);
			path = Model;
			sourceTree = "<group>";
		};
		61B6457F2E5ECA9D00C189B3 /* FlatCellView */ = {
			isa = PBXGroup;
			children = (
				61B645802E5ECAA400C189B3 /* FlatCellView.swift */,
			);
			path = FlatCellView;
			sourceTree = "<group>";
		};
		61B645822E5EE81000C189B3 /* MainView */ = {
			isa = PBXGroup;
			children = (
				61B645AB2E5EF77200C189B3 /* MainView.swift */,
			);
			path = MainView;
			sourceTree = "<group>";
		};
		61E271B12E5CD59600210628 /* WebServiceManager */ = {
			isa = PBXGroup;
			children = (
				61E271AE2E5CD59600210628 /* NetworkReachability.swift */,
				61E271AF2E5CD59600210628 /* Reachability.swift */,
				61E271B02E5CD59600210628 /* WebServiceManager.swift */,
			);
			path = WebServiceManager;
			sourceTree = "<group>";
		};
		9C9B6CE7C3B18249CEC28DBE /* Frameworks */ = {
			isa = PBXGroup;
			children = (
				E860ACC34824A57CA9DAF3E9 /* Pods_eSociety.framework */,
			);
			name = Frameworks;
			sourceTree = "<group>";
		};
/* End PBXGroup section */

/* Begin PBXNativeTarget section */
		1EF0EB092E521B75006A3831 /* eSociety */ = {
			isa = PBXNativeTarget;
			buildConfigurationList = 1EF0EB182E521B7E006A3831 /* Build configuration list for PBXNativeTarget "eSociety" */;
			buildPhases = (
				6FA9613AFED6343FB1CE33E0 /* [CP] Check Pods Manifest.lock */,
				1EF0EB062E521B75006A3831 /* Sources */,
				1EF0EB072E521B75006A3831 /* Frameworks */,
				1EF0EB082E521B75006A3831 /* Resources */,
				42ABA20D380311D18BEB1E05 /* [CP] Embed Pods Frameworks */,
			);
			buildRules = (
			);
			dependencies = (
			);
			name = eSociety;
			packageProductDependencies = (
				1EF0EB3B2E524D15006A3831 /* DesignColors */,
				1EF0EB3E2E524FBB006A3831 /* CoreSwift */,
				1E75BE3A2E536BDB008C96CB /* TermsModule */,
				61B40F332E5DF6060008F978 /* ActivityIndicatorView */,
			);
			productName = eSociety;
			productReference = 1EF0EB0A2E521B75006A3831 /* eSociety.app */;
			productType = "com.apple.product-type.application";
		};
/* End PBXNativeTarget section */

/* Begin PBXProject section */
		1EF0EB022E521B74006A3831 /* Project object */ = {
			isa = PBXProject;
			attributes = {
				BuildIndependentTargetsInParallel = 1;
				LastSwiftUpdateCheck = 1420;
				LastUpgradeCheck = 1420;
				TargetAttributes = {
					1EF0EB092E521B75006A3831 = {
						CreatedOnToolsVersion = 14.2;
					};
				};
			};
			buildConfigurationList = 1EF0EB052E521B74006A3831 /* Build configuration list for PBXProject "eSociety" */;
			compatibilityVersion = "Xcode 14.0";
			developmentRegion = en;
			hasScannedForEncodings = 0;
			knownRegions = (
				en,
				Base,
				hi,
			);
			mainGroup = 1EF0EB012E521B74006A3831;
			packageReferences = (
				1EF0EB3A2E524D15006A3831 /* XCRemoteSwiftPackageReference "DesignColors" */,
				1EF0EB3D2E524FBB006A3831 /* XCRemoteSwiftPackageReference "CoreSwift" */,
				1E75BE392E536BDB008C96CB /* XCRemoteSwiftPackageReference "TermsModule" */,
				61B40F322E5DF6060008F978 /* XCRemoteSwiftPackageReference "ActivityIndicatorView" */,
			);
			productRefGroup = 1EF0EB0B2E521B75006A3831 /* Products */;
			projectDirPath = "";
			projectRoot = "";
			targets = (
				1EF0EB092E521B75006A3831 /* eSociety */,
			);
		};
/* End PBXProject section */

/* Begin PBXResourcesBuildPhase section */
		1EF0EB082E521B75006A3831 /* Resources */ = {
			isa = PBXResourcesBuildPhase;
			buildActionMask = 2147483647;
			files = (
				1EF0EB152E521B7E006A3831 /* Preview Assets.xcassets in Resources */,
				1EF0EB312E5243EF006A3831 /* Localizable.strings in Resources */,
				61B40F732E5E14FC0008F978 /* Roboto_Condensed-SemiBoldItalic.ttf in Resources */,
				61B40F742E5E14FC0008F978 /* Roboto-VariableFont_wdth,wght.ttf in Resources */,
				61B40F752E5E14FC0008F978 /* Roboto_SemiCondensed-ExtraLightItalic.ttf in Resources */,
				61B40F762E5E14FC0008F978 /* Roboto_Condensed-Italic.ttf in Resources */,
				61B40F772E5E14FC0008F978 /* Roboto_SemiCondensed-Black.ttf in Resources */,
				61B40F782E5E14FC0008F978 /* Roboto_SemiCondensed-Medium.ttf in Resources */,
				61B40F792E5E14FC0008F978 /* Roboto-ExtraLightItalic.ttf in Resources */,
				61B40F7A2E5E14FC0008F978 /* Roboto_Condensed-ExtraBold.ttf in Resources */,
				61B40F7B2E5E14FC0008F978 /* Roboto_Condensed-Light.ttf in Resources */,
				61B40F7C2E5E14FC0008F978 /* Roboto-LightItalic.ttf in Resources */,
				61B40F7D2E5E14FC0008F978 /* Roboto-SemiBold.ttf in Resources */,
				61B40F7E2E5E14FC0008F978 /* Roboto_SemiCondensed-SemiBoldItalic.ttf in Resources */,
				61B40F7F2E5E14FC0008F978 /* Roboto_Condensed-Bold.ttf in Resources */,
				61B40F802E5E14FC0008F978 /* Roboto_SemiCondensed-ThinItalic.ttf in Resources */,
				61B40F812E5E14FC0008F978 /* Roboto-BoldItalic.ttf in Resources */,
				61B40F822E5E14FC0008F978 /* Roboto_Condensed-ThinItalic.ttf in Resources */,
				61B40F832E5E14FC0008F978 /* Roboto_SemiCondensed-SemiBold.ttf in Resources */,
				61B40F842E5E14FC0008F978 /* Roboto_Condensed-ExtraBoldItalic.ttf in Resources */,
				61B40F852E5E14FC0008F978 /* Roboto_Condensed-BlackItalic.ttf in Resources */,
				61B40F862E5E14FC0008F978 /* Roboto-Regular.ttf in Resources */,
				61B40F872E5E14FC0008F978 /* Roboto-ExtraLight.ttf in Resources */,
				61B40F882E5E14FC0008F978 /* Roboto_Condensed-LightItalic.ttf in Resources */,
				61B40F892E5E14FC0008F978 /* Roboto_SemiCondensed-LightItalic.ttf in Resources */,
				61B40F8A2E5E14FC0008F978 /* Roboto_SemiCondensed-MediumItalic.ttf in Resources */,
				61B40F8B2E5E14FC0008F978 /* Roboto_Condensed-Thin.ttf in Resources */,
				61B40F8C2E5E14FC0008F978 /* Roboto-ExtraBold.ttf in Resources */,
				61B40F8D2E5E14FC0008F978 /* Roboto-Thin.ttf in Resources */,
				61B40F8E2E5E14FC0008F978 /* OFL.txt in Resources */,
				61B40F8F2E5E14FC0008F978 /* Roboto_Condensed-Black.ttf in Resources */,
				61B40F902E5E14FC0008F978 /* Roboto-ThinItalic.ttf in Resources */,
				61B40F912E5E14FC0008F978 /* Roboto_SemiCondensed-Thin.ttf in Resources */,
				61B40F922E5E14FC0008F978 /* Roboto-Light.ttf in Resources */,
				61B40F932E5E14FC0008F978 /* Roboto_Condensed-SemiBold.ttf in Resources */,
				61B40F942E5E14FC0008F978 /* README.txt in Resources */,
				61B40F952E5E14FC0008F978 /* Roboto_SemiCondensed-Regular.ttf in Resources */,
				61B40F962E5E14FC0008F978 /* Roboto-BlackItalic.ttf in Resources */,
				61B40F972E5E14FC0008F978 /* Roboto_Condensed-Medium.ttf in Resources */,
				61B40F982E5E14FC0008F978 /* Roboto-Italic.ttf in Resources */,
				61B40F992E5E14FC0008F978 /* Roboto_Condensed-MediumItalic.ttf in Resources */,
				61B40F9A2E5E14FC0008F978 /* Roboto_SemiCondensed-ExtraBold.ttf in Resources */,
				61B40F9B2E5E14FC0008F978 /* Roboto-SemiBoldItalic.ttf in Resources */,
				61B40F9C2E5E14FC0008F978 /* Roboto_SemiCondensed-ExtraLight.ttf in Resources */,
				61B40F9D2E5E14FC0008F978 /* Roboto_Condensed-ExtraLightItalic.ttf in Resources */,
				61B40F9E2E5E14FC0008F978 /* Roboto_Condensed-BoldItalic.ttf in Resources */,
				61B40F9F2E5E14FC0008F978 /* Roboto-Medium.ttf in Resources */,
				61B40FA02E5E14FC0008F978 /* Roboto_SemiCondensed-Light.ttf in Resources */,
				61B40FA12E5E14FC0008F978 /* Roboto_SemiCondensed-Italic.ttf in Resources */,
				61B40FA22E5E14FC0008F978 /* Roboto_SemiCondensed-BlackItalic.ttf in Resources */,
				61B40FA32E5E14FC0008F978 /* Roboto-MediumItalic.ttf in Resources */,
				61B40FA42E5E14FC0008F978 /* Roboto-Italic-VariableFont_wdth,wght.ttf in Resources */,
				61B40FA52E5E14FC0008F978 /* Roboto_SemiCondensed-BoldItalic.ttf in Resources */,
				61B40FA62E5E14FC0008F978 /* Roboto_Condensed-ExtraLight.ttf in Resources */,
				61B40FA72E5E14FC0008F978 /* Roboto_SemiCondensed-Bold.ttf in Resources */,
				61B40FA82E5E14FC0008F978 /* Roboto_Condensed-Regular.ttf in Resources */,
				61B40FA92E5E14FC0008F978 /* Roboto_SemiCondensed-ExtraBoldItalic.ttf in Resources */,
				61B40FAA2E5E14FC0008F978 /* Roboto-ExtraBoldItalic.ttf in Resources */,
				61B40FAB2E5E14FC0008F978 /* Roboto-Black.ttf in Resources */,
				61B40FAC2E5E14FC0008F978 /* Roboto-Bold.ttf in Resources */,
				1EF0EB122E521B7E006A3831 /* Assets.xcassets in Resources */,
			);
			runOnlyForDeploymentPostprocessing = 0;
		};
/* End PBXResourcesBuildPhase section */

/* Begin PBXShellScriptBuildPhase section */
		42ABA20D380311D18BEB1E05 /* [CP] Embed Pods Frameworks */ = {
			isa = PBXShellScriptBuildPhase;
			buildActionMask = 2147483647;
			files = (
			);
			inputFileListPaths = (
				"${PODS_ROOT}/Target Support Files/Pods-eSociety/Pods-eSociety-frameworks-${CONFIGURATION}-input-files.xcfilelist",
			);
			inputPaths = (
			);
			name = "[CP] Embed Pods Frameworks";
			outputFileListPaths = (
				"${PODS_ROOT}/Target Support Files/Pods-eSociety/Pods-eSociety-frameworks-${CONFIGURATION}-output-files.xcfilelist",
			);
			outputPaths = (
			);
			runOnlyForDeploymentPostprocessing = 0;
			shellPath = /bin/sh;
			shellScript = "\"${PODS_ROOT}/Target Support Files/Pods-eSociety/Pods-eSociety-frameworks.sh\"\n";
			showEnvVarsInLog = 0;
		};
		6FA9613AFED6343FB1CE33E0 /* [CP] Check Pods Manifest.lock */ = {
			isa = PBXShellScriptBuildPhase;
			buildActionMask = 2147483647;
			files = (
			);
			inputFileListPaths = (
			);
			inputPaths = (
				"${PODS_PODFILE_DIR_PATH}/Podfile.lock",
				"${PODS_ROOT}/Manifest.lock",
			);
			name = "[CP] Check Pods Manifest.lock";
			outputFileListPaths = (
			);
			outputPaths = (
				"$(DERIVED_FILE_DIR)/Pods-eSociety-checkManifestLockResult.txt",
			);
			runOnlyForDeploymentPostprocessing = 0;
			shellPath = /bin/sh;
			shellScript = "diff \"${PODS_PODFILE_DIR_PATH}/Podfile.lock\" \"${PODS_ROOT}/Manifest.lock\" > /dev/null\nif [ $? != 0 ] ; then\n    # print error to STDERR\n    echo \"error: The sandbox is not in sync with the Podfile.lock. Run 'pod install' or update your CocoaPods installation.\" >&2\n    exit 1\nfi\n# This output is used by Xcode 'outputs' to avoid re-running this script phase.\necho \"SUCCESS\" > \"${SCRIPT_OUTPUT_FILE_0}\"\n";
			showEnvVarsInLog = 0;
		};
/* End PBXShellScriptBuildPhase section */

/* Begin PBXSourcesBuildPhase section */
		1EF0EB062E521B75006A3831 /* Sources */ = {
			isa = PBXSourcesBuildPhase;
			buildActionMask = 2147483647;
			files = (
				61B40FB22E5E1FE40008F978 /* AddNewFamilyView.swift in Sources */,
				61B645AC2E5EF77200C189B3 /* MainView.swift in Sources */,
				1EF0EB1E2E521D2D006A3831 /* LoginView.swift in Sources */,
				1EF0EB2A2E524136006A3831 /* ViewModifiers.swift in Sources */,
				1E75BE412E536CC3008C96CB /* LoginCoordinator.swift in Sources */,
				1EF0EB282E523FD9006A3831 /* LoginViewModel.swift in Sources */,
				61B40F362E5DF8D20008F978 /* APIEndpoint.swift in Sources */,
				61B6457B2E5EC21500C189B3 /* FamilyListView.swift in Sources */,
				1E75BE3E2E536C7D008C96CB /* TermsViewWrapper.swift in Sources */,
				1EF0EB262E523F66006A3831 /* ValidationConstants.swift in Sources */,
				1EF0EB2C2E524177006A3831 /* ButtonStyles.swift in Sources */,
				61B40F312E5DF3A50008F978 /* Login.swift in Sources */,
				61B645812E5ECAA500C189B3 /* FlatCellView.swift in Sources */,
				1EF0EB242E523C7F006A3831 /* FontConstants.swift in Sources */,
				1EF0EB0E2E521B75006A3831 /* eSocietyApp.swift in Sources */,
				61E271B22E5CD59600210628 /* Reachability.swift in Sources */,
				61E271B32E5CD59600210628 /* NetworkReachability.swift in Sources */,
				61E271B42E5CD59600210628 /* WebServiceManager.swift in Sources */,
				1EF0EB372E52456F006A3831 /* LocalizedKeys.swift in Sources */,
				61B40FAF2E5E171A0008F978 /* BaseView.swift in Sources */,
				61B6457E2E5ECA6C00C189B3 /* FlatInfo.swift in Sources */,
			);
			runOnlyForDeploymentPostprocessing = 0;
		};
/* End PBXSourcesBuildPhase section */

/* Begin PBXVariantGroup section */
		1EF0EB332E5243EF006A3831 /* Localizable.strings */ = {
			isa = PBXVariantGroup;
			children = (
				1EF0EB322E5243EF006A3831 /* en */,
				1EF0EB342E524401006A3831 /* hi */,
			);
			name = Localizable.strings;
			sourceTree = "<group>";
		};
/* End PBXVariantGroup section */

/* Begin XCBuildConfiguration section */
		1EF0EB162E521B7E006A3831 /* Debug */ = {
			isa = XCBuildConfiguration;
			buildSettings = {
				ALWAYS_SEARCH_USER_PATHS = NO;
				CLANG_ANALYZER_LOCALIZABILITY_NONLOCALIZED = YES;
				CLANG_ANALYZER_NONNULL = YES;
				CLANG_ANALYZER_NUMBER_OBJECT_CONVERSION = YES_AGGRESSIVE;
				CLANG_CXX_LANGUAGE_STANDARD = "gnu++20";
				CLANG_ENABLE_MODULES = YES;
				CLANG_ENABLE_OBJC_ARC = YES;
				CLANG_ENABLE_OBJC_WEAK = YES;
				CLANG_WARN_BLOCK_CAPTURE_AUTORELEASING = YES;
				CLANG_WARN_BOOL_CONVERSION = YES;
				CLANG_WARN_COMMA = YES;
				CLANG_WARN_CONSTANT_CONVERSION = YES;
				CLANG_WARN_DEPRECATED_OBJC_IMPLEMENTATIONS = YES;
				CLANG_WARN_DIRECT_OBJC_ISA_USAGE = YES_ERROR;
				CLANG_WARN_DOCUMENTATION_COMMENTS = YES;
				CLANG_WARN_EMPTY_BODY = YES;
				CLANG_WARN_ENUM_CONVERSION = YES;
				CLANG_WARN_INFINITE_RECURSION = YES;
				CLANG_WARN_INT_CONVERSION = YES;
				CLANG_WARN_NON_LITERAL_NULL_CONVERSION = YES;
				CLANG_WARN_OBJC_IMPLICIT_RETAIN_SELF = YES;
				CLANG_WARN_OBJC_LITERAL_CONVERSION = YES;
				CLANG_WARN_OBJC_ROOT_CLASS = YES_ERROR;
				CLANG_WARN_QUOTED_INCLUDE_IN_FRAMEWORK_HEADER = YES;
				CLANG_WARN_RANGE_LOOP_ANALYSIS = YES;
				CLANG_WARN_STRICT_PROTOTYPES = YES;
				CLANG_WARN_SUSPICIOUS_MOVE = YES;
				CLANG_WARN_UNGUARDED_AVAILABILITY = YES_AGGRESSIVE;
				CLANG_WARN_UNREACHABLE_CODE = YES;
				CLANG_WARN__DUPLICATE_METHOD_MATCH = YES;
				COPY_PHASE_STRIP = NO;
				DEBUG_INFORMATION_FORMAT = dwarf;
				ENABLE_STRICT_OBJC_MSGSEND = YES;
				ENABLE_TESTABILITY = YES;
				GCC_C_LANGUAGE_STANDARD = gnu11;
				GCC_DYNAMIC_NO_PIC = NO;
				GCC_NO_COMMON_BLOCKS = YES;
				GCC_OPTIMIZATION_LEVEL = 0;
				GCC_PREPROCESSOR_DEFINITIONS = (
					"DEBUG=1",
					"$(inherited)",
				);
				GCC_WARN_64_TO_32_BIT_CONVERSION = YES;
				GCC_WARN_ABOUT_RETURN_TYPE = YES_ERROR;
				GCC_WARN_UNDECLARED_SELECTOR = YES;
				GCC_WARN_UNINITIALIZED_AUTOS = YES_AGGRESSIVE;
				GCC_WARN_UNUSED_FUNCTION = YES;
				GCC_WARN_UNUSED_VARIABLE = YES;
				IPHONEOS_DEPLOYMENT_TARGET = 16.2;
				MTL_ENABLE_DEBUG_INFO = INCLUDE_SOURCE;
				MTL_FAST_MATH = YES;
				ONLY_ACTIVE_ARCH = YES;
				SDKROOT = iphoneos;
				SWIFT_ACTIVE_COMPILATION_CONDITIONS = DEBUG;
				SWIFT_OPTIMIZATION_LEVEL = "-Onone";
			};
			name = Debug;
		};
		1EF0EB172E521B7E006A3831 /* Release */ = {
			isa = XCBuildConfiguration;
			buildSettings = {
				ALWAYS_SEARCH_USER_PATHS = NO;
				CLANG_ANALYZER_LOCALIZABILITY_NONLOCALIZED = YES;
				CLANG_ANALYZER_NONNULL = YES;
				CLANG_ANALYZER_NUMBER_OBJECT_CONVERSION = YES_AGGRESSIVE;
				CLANG_CXX_LANGUAGE_STANDARD = "gnu++20";
				CLANG_ENABLE_MODULES = YES;
				CLANG_ENABLE_OBJC_ARC = YES;
				CLANG_ENABLE_OBJC_WEAK = YES;
				CLANG_WARN_BLOCK_CAPTURE_AUTORELEASING = YES;
				CLANG_WARN_BOOL_CONVERSION = YES;
				CLANG_WARN_COMMA = YES;
				CLANG_WARN_CONSTANT_CONVERSION = YES;
				CLANG_WARN_DEPRECATED_OBJC_IMPLEMENTATIONS = YES;
				CLANG_WARN_DIRECT_OBJC_ISA_USAGE = YES_ERROR;
				CLANG_WARN_DOCUMENTATION_COMMENTS = YES;
				CLANG_WARN_EMPTY_BODY = YES;
				CLANG_WARN_ENUM_CONVERSION = YES;
				CLANG_WARN_INFINITE_RECURSION = YES;
				CLANG_WARN_INT_CONVERSION = YES;
				CLANG_WARN_NON_LITERAL_NULL_CONVERSION = YES;
				CLANG_WARN_OBJC_IMPLICIT_RETAIN_SELF = YES;
				CLANG_WARN_OBJC_LITERAL_CONVERSION = YES;
				CLANG_WARN_OBJC_ROOT_CLASS = YES_ERROR;
				CLANG_WARN_QUOTED_INCLUDE_IN_FRAMEWORK_HEADER = YES;
				CLANG_WARN_RANGE_LOOP_ANALYSIS = YES;
				CLANG_WARN_STRICT_PROTOTYPES = YES;
				CLANG_WARN_SUSPICIOUS_MOVE = YES;
				CLANG_WARN_UNGUARDED_AVAILABILITY = YES_AGGRESSIVE;
				CLANG_WARN_UNREACHABLE_CODE = YES;
				CLANG_WARN__DUPLICATE_METHOD_MATCH = YES;
				COPY_PHASE_STRIP = NO;
				DEBUG_INFORMATION_FORMAT = "dwarf-with-dsym";
				ENABLE_NS_ASSERTIONS = NO;
				ENABLE_STRICT_OBJC_MSGSEND = YES;
				GCC_C_LANGUAGE_STANDARD = gnu11;
				GCC_NO_COMMON_BLOCKS = YES;
				GCC_WARN_64_TO_32_BIT_CONVERSION = YES;
				GCC_WARN_ABOUT_RETURN_TYPE = YES_ERROR;
				GCC_WARN_UNDECLARED_SELECTOR = YES;
				GCC_WARN_UNINITIALIZED_AUTOS = YES_AGGRESSIVE;
				GCC_WARN_UNUSED_FUNCTION = YES;
				GCC_WARN_UNUSED_VARIABLE = YES;
				IPHONEOS_DEPLOYMENT_TARGET = 16.2;
				MTL_ENABLE_DEBUG_INFO = NO;
				MTL_FAST_MATH = YES;
				SDKROOT = iphoneos;
				SWIFT_COMPILATION_MODE = wholemodule;
				SWIFT_OPTIMIZATION_LEVEL = "-O";
				VALIDATE_PRODUCT = YES;
			};
			name = Release;
		};
		1EF0EB192E521B7E006A3831 /* Debug */ = {
			isa = XCBuildConfiguration;
			baseConfigurationReference = 503B7789FA0CF11D84A8C8CD /* Pods-eSociety.debug.xcconfig */;
			buildSettings = {
				ASSETCATALOG_COMPILER_APPICON_NAME = AppIcon;
				ASSETCATALOG_COMPILER_GLOBAL_ACCENT_COLOR_NAME = AccentColor;
				CODE_SIGN_STYLE = Automatic;
				CURRENT_PROJECT_VERSION = 1;
				DEVELOPMENT_ASSET_PATHS = "\"eSociety/Preview Content\"";
				ENABLE_PREVIEWS = YES;
				GENERATE_INFOPLIST_FILE = YES;
				INFOPLIST_FILE = eSociety/Info.plist;
				INFOPLIST_KEY_UIApplicationSceneManifest_Generation = YES;
				INFOPLIST_KEY_UIApplicationSupportsIndirectInputEvents = YES;
				INFOPLIST_KEY_UILaunchScreen_Generation = YES;
				INFOPLIST_KEY_UISupportedInterfaceOrientations_iPad = "UIInterfaceOrientationPortrait UIInterfaceOrientationPortraitUpsideDown UIInterfaceOrientationLandscapeLeft UIInterfaceOrientationLandscapeRight";
				INFOPLIST_KEY_UISupportedInterfaceOrientations_iPhone = "UIInterfaceOrientationPortrait UIInterfaceOrientationLandscapeLeft UIInterfaceOrientationLandscapeRight";
				LD_RUNPATH_SEARCH_PATHS = (
					"$(inherited)",
					"@executable_path/Frameworks",
				);
				MARKETING_VERSION = 1.0;
				PRODUCT_BUNDLE_IDENTIFIER = com.nadaf.labelDemo.eSociety;
				PRODUCT_NAME = "$(TARGET_NAME)";
				SWIFT_EMIT_LOC_STRINGS = YES;
				SWIFT_VERSION = 5.0;
				TARGETED_DEVICE_FAMILY = "1,2";
			};
			name = Debug;
		};
		1EF0EB1A2E521B7E006A3831 /* Release */ = {
			isa = XCBuildConfiguration;
			baseConfigurationReference = DEA2BDF3D3B8EDFDC4BB6988 /* Pods-eSociety.release.xcconfig */;
			buildSettings = {
				ASSETCATALOG_COMPILER_APPICON_NAME = AppIcon;
				ASSETCATALOG_COMPILER_GLOBAL_ACCENT_COLOR_NAME = AccentColor;
				CODE_SIGN_STYLE = Automatic;
				CURRENT_PROJECT_VERSION = 1;
				DEVELOPMENT_ASSET_PATHS = "\"eSociety/Preview Content\"";
				ENABLE_PREVIEWS = YES;
				GENERATE_INFOPLIST_FILE = YES;
				INFOPLIST_FILE = eSociety/Info.plist;
				INFOPLIST_KEY_UIApplicationSceneManifest_Generation = YES;
				INFOPLIST_KEY_UIApplicationSupportsIndirectInputEvents = YES;
				INFOPLIST_KEY_UILaunchScreen_Generation = YES;
				INFOPLIST_KEY_UISupportedInterfaceOrientations_iPad = "UIInterfaceOrientationPortrait UIInterfaceOrientationPortraitUpsideDown UIInterfaceOrientationLandscapeLeft UIInterfaceOrientationLandscapeRight";
				INFOPLIST_KEY_UISupportedInterfaceOrientations_iPhone = "UIInterfaceOrientationPortrait UIInterfaceOrientationLandscapeLeft UIInterfaceOrientationLandscapeRight";
				LD_RUNPATH_SEARCH_PATHS = (
					"$(inherited)",
					"@executable_path/Frameworks",
				);
				MARKETING_VERSION = 1.0;
				PRODUCT_BUNDLE_IDENTIFIER = com.nadaf.labelDemo.eSociety;
				PRODUCT_NAME = "$(TARGET_NAME)";
				SWIFT_EMIT_LOC_STRINGS = YES;
				SWIFT_VERSION = 5.0;
				TARGETED_DEVICE_FAMILY = "1,2";
			};
			name = Release;
		};
/* End XCBuildConfiguration section */

/* Begin XCConfigurationList section */
		1EF0EB052E521B74006A3831 /* Build configuration list for PBXProject "eSociety" */ = {
			isa = XCConfigurationList;
			buildConfigurations = (
				1EF0EB162E521B7E006A3831 /* Debug */,
				1EF0EB172E521B7E006A3831 /* Release */,
			);
			defaultConfigurationIsVisible = 0;
			defaultConfigurationName = Release;
		};
		1EF0EB182E521B7E006A3831 /* Build configuration list for PBXNativeTarget "eSociety" */ = {
			isa = XCConfigurationList;
			buildConfigurations = (
				1EF0EB192E521B7E006A3831 /* Debug */,
				1EF0EB1A2E521B7E006A3831 /* Release */,
			);
			defaultConfigurationIsVisible = 0;
			defaultConfigurationName = Release;
		};
/* End XCConfigurationList section */

/* Begin XCRemoteSwiftPackageReference section */
		1E75BE392E536BDB008C96CB /* XCRemoteSwiftPackageReference "TermsModule" */ = {
			isa = XCRemoteSwiftPackageReference;
			repositoryURL = "https://github.com/Mahaboobsab/TermsModule.git";
			requirement = {
				branch = main;
				kind = branch;
			};
		};
		1EF0EB3A2E524D15006A3831 /* XCRemoteSwiftPackageReference "DesignColors" */ = {
			isa = XCRemoteSwiftPackageReference;
			repositoryURL = "https://github.com/Mahaboobsab/DesignColors.git";
			requirement = {
				branch = main;
				kind = branch;
			};
		};
		1EF0EB3D2E524FBB006A3831 /* XCRemoteSwiftPackageReference "CoreSwift" */ = {
			isa = XCRemoteSwiftPackageReference;
			repositoryURL = "https://github.com/Mahaboobsab/CoreSwift.git";
			requirement = {
				branch = main;
				kind = branch;
			};
		};
		61B40F322E5DF6060008F978 /* XCRemoteSwiftPackageReference "ActivityIndicatorView" */ = {
			isa = XCRemoteSwiftPackageReference;
			repositoryURL = "https://github.com/exyte/ActivityIndicatorView.git";
			requirement = {
				kind = upToNextMajorVersion;
				minimumVersion = 1.2.1;
			};
		};
/* End XCRemoteSwiftPackageReference section */

/* Begin XCSwiftPackageProductDependency section */
		1E75BE3A2E536BDB008C96CB /* TermsModule */ = {
			isa = XCSwiftPackageProductDependency;
			package = 1E75BE392E536BDB008C96CB /* XCRemoteSwiftPackageReference "TermsModule" */;
			productName = TermsModule;
		};
		1EF0EB3B2E524D15006A3831 /* DesignColors */ = {
			isa = XCSwiftPackageProductDependency;
			package = 1EF0EB3A2E524D15006A3831 /* XCRemoteSwiftPackageReference "DesignColors" */;
			productName = DesignColors;
		};
		1EF0EB3E2E524FBB006A3831 /* CoreSwift */ = {
			isa = XCSwiftPackageProductDependency;
			package = 1EF0EB3D2E524FBB006A3831 /* XCRemoteSwiftPackageReference "CoreSwift" */;
			productName = CoreSwift;
		};
		61B40F332E5DF6060008F978 /* ActivityIndicatorView */ = {
			isa = XCSwiftPackageProductDependency;
			package = 61B40F322E5DF6060008F978 /* XCRemoteSwiftPackageReference "ActivityIndicatorView" */;
			productName = ActivityIndicatorView;
		};
/* End XCSwiftPackageProductDependency section */
	};
	rootObject = 1EF0EB022E521B74006A3831 /* Project object */;
}
